
Microsoft Visual Studio Solution File, Format Version 12.00
# Visual Studio 15
VisualStudioVersion = 15.0.28010.2003
MinimumVisualStudioVersion = 10.0.40219.1
Project("{888888A0-9F3D-457C-B088-3A5042F75D52}") = "djaw", "djaw\djaw.pyproj", "{0D9B73A8-CD38-4DA0-A679-84C47EE0972B}"
EndProject
Global
	GlobalSection(SolutionConfigurationPlatforms) = preSolution
		Debug|Any CPU = Debug|Any CPU
		Release|Any CPU = Release|Any CPU
	EndGlobalSection
	GlobalSection(ProjectConfigurationPlatforms) = postSolution
		{0D9B73A8-CD38-4DA0-A679-84C47EE0972B}.Debug|Any CPU.ActiveCfg = Debug|Any CPU
		{0D9B73A8-CD38-4DA0-A679-84C47EE0972B}.Release|Any CPU.ActiveCfg = Release|Any CPU
	EndGlobalSection
	GlobalSection(SolutionProperties) = preSolution
		HideSolutionNode = FALSE
	EndGlobalSection
	GlobalSection(ExtensibilityGlobals) = postSolution
		SolutionGuid = {18FFC8D5-8E21-4BDC-A011-B0CF230ACA17}
	EndGlobalSection
EndGlobal
